// !$*UTF8*$!
{
	archiveVersion = 1;
	classes = {
	};
	objectVersion = 56;
	objects = {

/* Begin PBXBuildFile section */
		0C35E1FE2BF6617300AEE589 /* Question.swift in Sources */ = {isa = PBXBuildFile; fileRef = 0C35E1FD2BF6617300AEE589 /* Question.swift */; };
		0C3915802BF3FFEB0024300F /* Balham.otf in Resources */ = {isa = PBXBuildFile; fileRef = 0C39157F2BF3FFEB0024300F /* Balham.otf */; };
		0CD7E4252BF20D5600E39A07 /* AppDelegate.swift in Sources */ = {isa = PBXBuildFile; fileRef = 0CD7E4242BF20D5600E39A07 /* AppDelegate.swift */; };
		0CD7E4272BF20D5600E39A07 /* SceneDelegate.swift in Sources */ = {isa = PBXBuildFile; fileRef = 0CD7E4262BF20D5600E39A07 /* SceneDelegate.swift */; };
		0CD7E4292BF20D5600E39A07 /* ViewController.swift in Sources */ = {isa = PBXBuildFile; fileRef = 0CD7E4282BF20D5600E39A07 /* ViewController.swift */; };
		0CD7E42C2BF20D5600E39A07 /* Base in Resources */ = {isa = PBXBuildFile; fileRef = 0CD7E42B2BF20D5600E39A07 /* Base */; };
		0CD7E42E2BF20D5700E39A07 /* Assets.xcassets in Resources */ = {isa = PBXBuildFile; fileRef = 0CD7E42D2BF20D5700E39A07 /* Assets.xcassets */; };
		0CD7E4312BF20D5700E39A07 /* Base in Resources */ = {isa = PBXBuildFile; fileRef = 0CD7E4302BF20D5700E39A07 /* Base */; };
		0CD7E43C2BF20D5700E39A07 /* OpenQuizzTests.swift in Sources */ = {isa = PBXBuildFile; fileRef = 0CD7E43B2BF20D5700E39A07 /* OpenQuizzTests.swift */; };
		0CD7E4462BF20D5700E39A07 /* OpenQuizzUITests.swift in Sources */ = {isa = PBXBuildFile; fileRef = 0CD7E4452BF20D5700E39A07 /* OpenQuizzUITests.swift */; };
		0CD7E4482BF20D5700E39A07 /* OpenQuizzUITestsLaunchTests.swift in Sources */ = {isa = PBXBuildFile; fileRef = 0CD7E4472BF20D5700E39A07 /* OpenQuizzUITestsLaunchTests.swift */; };
/* End PBXBuildFile section */

/* Begin PBXContainerItemProxy section */
		0CD7E4382BF20D5700E39A07 /* PBXContainerItemProxy */ = {
			isa = PBXContainerItemProxy;
			containerPortal = 0CD7E4192BF20D5600E39A07 /* Project object */;
			proxyType = 1;
			remoteGlobalIDString = 0CD7E4202BF20D5600E39A07;
			remoteInfo = OpenQuizz;
		};
		0CD7E4422BF20D5700E39A07 /* PBXContainerItemProxy */ = {
			isa = PBXContainerItemProxy;
			containerPortal = 0CD7E4192BF20D5600E39A07 /* Project object */;
			proxyType = 1;
			remoteGlobalIDString = 0CD7E4202BF20D5600E39A07;
			remoteInfo = OpenQuizz;
		};
/* End PBXContainerItemProxy section */

/* Begin PBXFileReference section */
		0C35E1FD2BF6617300AEE589 /* Question.swift */ = {isa = PBXFileReference; lastKnownFileType = sourcecode.swift; path = Question.swift; sourceTree = "<group>"; };
		0C39157F2BF3FFEB0024300F /* Balham.otf */ = {isa = PBXFileReference; lastKnownFileType = file; path = Balham.otf; sourceTree = "<group>"; };
		0CD7E4212BF20D5600E39A07 /* OpenQuizz.app */ = {isa = PBXFileReference; explicitFileType = wrapper.application; includeInIndex = 0; path = OpenQuizz.app; sourceTree = BUILT_PRODUCTS_DIR; };
		0CD7E4242BF20D5600E39A07 /* AppDelegate.swift */ = {isa = PBXFileReference; lastKnownFileType = sourcecode.swift; path = AppDelegate.swift; sourceTree = "<group>"; };
		0CD7E4262BF20D5600E39A07 /* SceneDelegate.swift */ = {isa = PBXFileReference; lastKnownFileType = sourcecode.swift; path = SceneDelegate.swift; sourceTree = "<group>"; };
		0CD7E4282BF20D5600E39A07 /* ViewController.swift */ = {isa = PBXFileReference; lastKnownFileType = sourcecode.swift; path = ViewController.swift; sourceTree = "<group>"; };
		0CD7E42B2BF20D5600E39A07 /* Base */ = {isa = PBXFileReference; lastKnownFileType = file.storyboard; name = Base; path = Base.lproj/Main.storyboard; sourceTree = "<group>"; };
		0CD7E42D2BF20D5700E39A07 /* Assets.xcassets */ = {isa = PBXFileReference; lastKnownFileType = folder.assetcatalog; path = Assets.xcassets; sourceTree = "<group>"; };
		0CD7E4302BF20D5700E39A07 /* Base */ = {isa = PBXFileReference; lastKnownFileType = file.storyboard; name = Base; path = Base.lproj/LaunchScreen.storyboard; sourceTree = "<group>"; };
		0CD7E4322BF20D5700E39A07 /* Info.plist */ = {isa = PBXFileReference; lastKnownFileType = text.plist.xml; path = Info.plist; sourceTree = "<group>"; };
		0CD7E4372BF20D5700E39A07 /* OpenQuizzTests.xctest */ = {isa = PBXFileReference; explicitFileType = wrapper.cfbundle; includeInIndex = 0; path = OpenQuizzTests.xctest; sourceTree = BUILT_PRODUCTS_DIR; };
		0CD7E43B2BF20D5700E39A07 /* OpenQuizzTests.swift */ = {isa = PBXFileReference; lastKnownFileType = sourcecode.swift; path = OpenQuizzTests.swift; sourceTree = "<group>"; };
		0CD7E4412BF20D5700E39A07 /* OpenQuizzUITests.xctest */ = {isa = PBXFileReference; explicitFileType = wrapper.cfbundle; includeInIndex = 0; path = OpenQuizzUITests.xctest; sourceTree = BUILT_PRODUCTS_DIR; };
		0CD7E4452BF20D5700E39A07 /* OpenQuizzUITests.swift */ = {isa = PBXFileReference; lastKnownFileType = sourcecode.swift; path = OpenQuizzUITests.swift; sourceTree = "<group>"; };
		0CD7E4472BF20D5700E39A07 /* OpenQuizzUITestsLaunchTests.swift */ = {isa = PBXFileReference; lastKnownFileType = sourcecode.swift; path = OpenQuizzUITestsLaunchTests.swift; sourceTree = "<group>"; };
/* End PBXFileReference section */

/* Begin PBXFrameworksBuildPhase section */
		0CD7E41E2BF20D5600E39A07 /* Frameworks */ = {
			isa = PBXFrameworksBuildPhase;
			buildActionMask = 2147483647;
			files = (
			);
			runOnlyForDeploymentPostprocessing = 0;
		};
		0CD7E4342BF20D5700E39A07 /* Frameworks */ = {
			isa = PBXFrameworksBuildPhase;
			buildActionMask = 2147483647;
			files = (
			);
			runOnlyForDeploymentPostprocessing = 0;
		};
		0CD7E43E2BF20D5700E39A07 /* Frameworks */ = {
			isa = PBXFrameworksBuildPhase;
			buildActionMask = 2147483647;
			files = (
			);
			runOnlyForDeploymentPostprocessing = 0;
		};
/* End PBXFrameworksBuildPhase section */

/* Begin PBXGroup section */
		0C9ED6B22BF5461E00D8608B /* Model */ = {
			isa = PBXGroup;
			children = (
				0C35E1FD2BF6617300AEE589 /* Question.swift */,
			);
			path = Model;
			sourceTree = "<group>";
		};
		0C9ED6B32BF5464000D8608B /* View */ = {
			isa = PBXGroup;
			children = (
				0CD7E42A2BF20D5600E39A07 /* Main.storyboard */,
			);
			path = View;
			sourceTree = "<group>";
		};
		0C9ED6B42BF5464E00D8608B /* Controller */ = {
			isa = PBXGroup;
			children = (
				0CD7E4282BF20D5600E39A07 /* ViewController.swift */,
			);
			path = Controller;
			sourceTree = "<group>";
		};
		0C9ED6B52BF5467D00D8608B /* Supporting Files */ = {
			isa = PBXGroup;
			children = (
				0CD7E4262BF20D5600E39A07 /* SceneDelegate.swift */,
				0CD7E4242BF20D5600E39A07 /* AppDelegate.swift */,
				0CD7E42D2BF20D5700E39A07 /* Assets.xcassets */,
				0CD7E42F2BF20D5700E39A07 /* LaunchScreen.storyboard */,
				0C39157F2BF3FFEB0024300F /* Balham.otf */,
			);
			path = "Supporting Files";
			sourceTree = "<group>";
		};
		0CD7E4182BF20D5600E39A07 = {
			isa = PBXGroup;
			children = (
				0CD7E4232BF20D5600E39A07 /* OpenQuizz */,
				0CD7E43A2BF20D5700E39A07 /* OpenQuizzTests */,
				0CD7E4442BF20D5700E39A07 /* OpenQuizzUITests */,
				0CD7E4222BF20D5600E39A07 /* Products */,
			);
			sourceTree = "<group>";
		};
		0CD7E4222BF20D5600E39A07 /* Products */ = {
			isa = PBXGroup;
			children = (
				0CD7E4212BF20D5600E39A07 /* OpenQuizz.app */,
				0CD7E4372BF20D5700E39A07 /* OpenQuizzTests.xctest */,
				0CD7E4412BF20D5700E39A07 /* OpenQuizzUITests.xctest */,
			);
			name = Products;
			sourceTree = "<group>";
		};
		0CD7E4232BF20D5600E39A07 /* OpenQuizz */ = {
			isa = PBXGroup;
			children = (
				0CD7E4322BF20D5700E39A07 /* Info.plist */,
				0C9ED6B52BF5467D00D8608B /* Supporting Files */,
				0C9ED6B22BF5461E00D8608B /* Model */,
				0C9ED6B32BF5464000D8608B /* View */,
				0C9ED6B42BF5464E00D8608B /* Controller */,
			);
			path = OpenQuizz;
			sourceTree = "<group>";
		};
		0CD7E43A2BF20D5700E39A07 /* OpenQuizzTests */ = {
			isa = PBXGroup;
			children = (
				0CD7E43B2BF20D5700E39A07 /* OpenQuizzTests.swift */,
			);
			path = OpenQuizzTests;
			sourceTree = "<group>";
		};
		0CD7E4442BF20D5700E39A07 /* OpenQuizzUITests */ = {
			isa = PBXGroup;
			children = (
				0CD7E4452BF20D5700E39A07 /* OpenQuizzUITests.swift */,
				0CD7E4472BF20D5700E39A07 /* OpenQuizzUITestsLaunchTests.swift */,
			);
			path = OpenQuizzUITests;
			sourceTree = "<group>";
		};
/* End PBXGroup section */

/* Begin PBXNativeTarget section */
		0CD7E4202BF20D5600E39A07 /* OpenQuizz */ = {
			isa = PBXNativeTarget;
			buildConfigurationList = 0CD7E44B2BF20D5700E39A07 /* Build configuration list for PBXNativeTarget "OpenQuizz" */;
			buildPhases = (
				0CD7E41D2BF20D5600E39A07 /* Sources */,
				0CD7E41E2BF20D5600E39A07 /* Frameworks */,
				0CD7E41F2BF20D5600E39A07 /* Resources */,
			);
			buildRules = (
			);
			dependencies = (
			);
			name = OpenQuizz;
			productName = OpenQuizz;
			productReference = 0CD7E4212BF20D5600E39A07 /* OpenQuizz.app */;
			productType = "com.apple.product-type.application";
		};
		0CD7E4362BF20D5700E39A07 /* OpenQuizzTests */ = {
			isa = PBXNativeTarget;
			buildConfigurationList = 0CD7E44E2BF20D5700E39A07 /* Build configuration list for PBXNativeTarget "OpenQuizzTests" */;
			buildPhases = (
				0CD7E4332BF20D5700E39A07 /* Sources */,
				0CD7E4342BF20D5700E39A07 /* Frameworks */,
				0CD7E4352BF20D5700E39A07 /* Resources */,
			);
			buildRules = (
			);
			dependencies = (
				0CD7E4392BF20D5700E39A07 /* PBXTargetDependency */,
			);
			name = OpenQuizzTests;
			productName = OpenQuizzTests;
			productReference = 0CD7E4372BF20D5700E39A07 /* OpenQuizzTests.xctest */;
			productType = "com.apple.product-type.bundle.unit-test";
		};
		0CD7E4402BF20D5700E39A07 /* OpenQuizzUITests */ = {
			isa = PBXNativeTarget;
			buildConfigurationList = 0CD7E4512BF20D5700E39A07 /* Build configuration list for PBXNativeTarget "OpenQuizzUITests" */;
			buildPhases = (
				0CD7E43D2BF20D5700E39A07 /* Sources */,
				0CD7E43E2BF20D5700E39A07 /* Frameworks */,
				0CD7E43F2BF20D5700E39A07 /* Resources */,
			);
			buildRules = (
			);
			dependencies = (
				0CD7E4432BF20D5700E39A07 /* PBXTargetDependency */,
			);
			name = OpenQuizzUITests;
			productName = OpenQuizzUITests;
			productReference = 0CD7E4412BF20D5700E39A07 /* OpenQuizzUITests.xctest */;
			productType = "com.apple.product-type.bundle.ui-testing";
		};
/* End PBXNativeTarget section */

/* Begin PBXProject section */
		0CD7E4192BF20D5600E39A07 /* Project object */ = {
			isa = PBXProject;
			attributes = {
				BuildIndependentTargetsInParallel = 1;
				LastSwiftUpdateCheck = 1530;
				LastUpgradeCheck = 1530;
				TargetAttributes = {
					0CD7E4202BF20D5600E39A07 = {
						CreatedOnToolsVersion = 15.3;
					};
					0CD7E4362BF20D5700E39A07 = {
						CreatedOnToolsVersion = 15.3;
						TestTargetID = 0CD7E4202BF20D5600E39A07;
					};
					0CD7E4402BF20D5700E39A07 = {
						CreatedOnToolsVersion = 15.3;
						TestTargetID = 0CD7E4202BF20D5600E39A07;
					};
				};
			};
			buildConfigurationList = 0CD7E41C2BF20D5600E39A07 /* Build configuration list for PBXProject "OpenQuizz" */;
			compatibilityVersion = "Xcode 14.0";
			developmentRegion = en;
			hasScannedForEncodings = 0;
			knownRegions = (
				en,
				Base,
			);
			mainGroup = 0CD7E4182BF20D5600E39A07;
			productRefGroup = 0CD7E4222BF20D5600E39A07 /* Products */;
			projectDirPath = "";
			projectRoot = "";
			targets = (
				0CD7E4202BF20D5600E39A07 /* OpenQuizz */,
				0CD7E4362BF20D5700E39A07 /* OpenQuizzTests */,
				0CD7E4402BF20D5700E39A07 /* OpenQuizzUITests */,
			);
		};
/* End PBXProject section */

/* Begin PBXResourcesBuildPhase section */
		0CD7E41F2BF20D5600E39A07 /* Resources */ = {
			isa = PBXResourcesBuildPhase;
			buildActionMask = 2147483647;
			files = (
				0CD7E42E2BF20D5700E39A07 /* Assets.xcassets in Resources */,
				0CD7E4312BF20D5700E39A07 /* Base in Resources */,
				0C3915802BF3FFEB0024300F /* Balham.otf in Resources */,
				0CD7E42C2BF20D5600E39A07 /* Base in Resources */,
			);
			runOnlyForDeploymentPostprocessing = 0;
		};
		0CD7E4352BF20D5700E39A07 /* Resources */ = {
			isa = PBXResourcesBuildPhase;
			buildActionMask = 2147483647;
			files = (
			);
			runOnlyForDeploymentPostprocessing = 0;
		};
		0CD7E43F2BF20D5700E39A07 /* Resources */ = {
			isa = PBXResourcesBuildPhase;
			buildActionMask = 2147483647;
			files = (
			);
			runOnlyForDeploymentPostprocessing = 0;
		};
/* End PBXResourcesBuildPhase section */

/* Begin PBXSourcesBuildPhase section */
		0CD7E41D2BF20D5600E39A07 /* Sources */ = {
			isa = PBXSourcesBuildPhase;
			buildActionMask = 2147483647;
			files = (
				0CD7E4292BF20D5600E39A07 /* ViewController.swift in Sources */,
				0C35E1FE2BF6617300AEE589 /* Question.swift in Sources */,
				0CD7E4252BF20D5600E39A07 /* AppDelegate.swift in Sources */,
				0CD7E4272BF20D5600E39A07 /* SceneDelegate.swift in Sources */,
			);
			runOnlyForDeploymentPostprocessing = 0;
		};
		0CD7E4332BF20D5700E39A07 /* Sources */ = {
			isa = PBXSourcesBuildPhase;
			buildActionMask = 2147483647;
			files = (
				0CD7E43C2BF20D5700E39A07 /* OpenQuizzTests.swift in Sources */,
			);
			runOnlyForDeploymentPostprocessing = 0;
		};
		0CD7E43D2BF20D5700E39A07 /* Sources */ = {
			isa = PBXSourcesBuildPhase;
			buildActionMask = 2147483647;
			files = (
				0CD7E4482BF20D5700E39A07 /* OpenQuizzUITestsLaunchTests.swift in Sources */,
				0CD7E4462BF20D5700E39A07 /* OpenQuizzUITests.swift in Sources */,
			);
			runOnlyForDeploymentPostprocessing = 0;
		};
/* End PBXSourcesBuildPhase section */

/* Begin PBXTargetDependency section */
		0CD7E4392BF20D5700E39A07 /* PBXTargetDependency */ = {
			isa = PBXTargetDependency;
			target = 0CD7E4202BF20D5600E39A07 /* OpenQuizz */;
			targetProxy = 0CD7E4382BF20D5700E39A07 /* PBXContainerItemProxy */;
		};
		0CD7E4432BF20D5700E39A07 /* PBXTargetDependency */ = {
			isa = PBXTargetDependency;
			target = 0CD7E4202BF20D5600E39A07 /* OpenQuizz */;
			targetProxy = 0CD7E4422BF20D5700E39A07 /* PBXContainerItemProxy */;
		};
/* End PBXTargetDependency section */

/* Begin PBXVariantGroup section */
		0CD7E42A2BF20D5600E39A07 /* Main.storyboard */ = {
			isa = PBXVariantGroup;
			children = (
				0CD7E42B2BF20D5600E39A07 /* Base */,
			);
			name = Main.storyboard;
			sourceTree = "<group>";
		};
		0CD7E42F2BF20D5700E39A07 /* LaunchScreen.storyboard */ = {
			isa = PBXVariantGroup;
			children = (
				0CD7E4302BF20D5700E39A07 /* Base */,
			);
			name = LaunchScreen.storyboard;
			sourceTree = "<group>";
		};
/* End PBXVariantGroup section */

/* Begin XCBuildConfiguration section */
		0CD7E4492BF20D5700E39A07 /* Debug */ = {
			isa = XCBuildConfiguration;
			buildSettings = {
				ALWAYS_SEARCH_USER_PATHS = NO;
				ASSETCATALOG_COMPILER_GENERATE_SWIFT_ASSET_SYMBOL_EXTENSIONS = YES;
				CLANG_ANALYZER_NONNULL = YES;
				CLANG_ANALYZER_NUMBER_OBJECT_CONVERSION = YES_AGGRESSIVE;
				CLANG_CXX_LANGUAGE_STANDARD = "gnu++20";
				CLANG_ENABLE_MODULES = YES;
				CLANG_ENABLE_OBJC_ARC = YES;
				CLANG_ENABLE_OBJC_WEAK = YES;
				CLANG_WARN_BLOCK_CAPTURE_AUTORELEASING = YES;
				CLANG_WARN_BOOL_CONVERSION = YES;
				CLANG_WARN_COMMA = YES;
				CLANG_WARN_CONSTANT_CONVERSION = YES;
				CLANG_WARN_DEPRECATED_OBJC_IMPLEMENTATIONS = YES;
				CLANG_WARN_DIRECT_OBJC_ISA_USAGE = YES_ERROR;
				CLANG_WARN_DOCUMENTATION_COMMENTS = YES;
				CLANG_WARN_EMPTY_BODY = YES;
				CLANG_WARN_ENUM_CONVERSION = YES;
				CLANG_WARN_INFINITE_RECURSION = YES;
				CLANG_WARN_INT_CONVERSION = YES;
				CLANG_WARN_NON_LITERAL_NULL_CONVERSION = YES;
				CLANG_WARN_OBJC_IMPLICIT_RETAIN_SELF = YES;
				CLANG_WARN_OBJC_LITERAL_CONVERSION = YES;
				CLANG_WARN_OBJC_ROOT_CLASS = YES_ERROR;
				CLANG_WARN_QUOTED_INCLUDE_IN_FRAMEWORK_HEADER = YES;
				CLANG_WARN_RANGE_LOOP_ANALYSIS = YES;
				CLANG_WARN_STRICT_PROTOTYPES = YES;
				CLANG_WARN_SUSPICIOUS_MOVE = YES;
				CLANG_WARN_UNGUARDED_AVAILABILITY = YES_AGGRESSIVE;
				CLANG_WARN_UNREACHABLE_CODE = YES;
				CLANG_WARN__DUPLICATE_METHOD_MATCH = YES;
				COPY_PHASE_STRIP = NO;
				DEBUG_INFORMATION_FORMAT = dwarf;
				ENABLE_STRICT_OBJC_MSGSEND = YES;
				ENABLE_TESTABILITY = YES;
				ENABLE_USER_SCRIPT_SANDBOXING = YES;
				GCC_C_LANGUAGE_STANDARD = gnu17;
				GCC_DYNAMIC_NO_PIC = NO;
				GCC_NO_COMMON_BLOCKS = YES;
				GCC_OPTIMIZATION_LEVEL = 0;
				GCC_PREPROCESSOR_DEFINITIONS = (
					"DEBUG=1",
					"$(inherited)",
				);
				GCC_WARN_64_TO_32_BIT_CONVERSION = YES;
				GCC_WARN_ABOUT_RETURN_TYPE = YES_ERROR;
				GCC_WARN_UNDECLARED_SELECTOR = YES;
				GCC_WARN_UNINITIALIZED_AUTOS = YES_AGGRESSIVE;
				GCC_WARN_UNUSED_FUNCTION = YES;
				GCC_WARN_UNUSED_VARIABLE = YES;
				IPHONEOS_DEPLOYMENT_TARGET = 17.4;
				LOCALIZATION_PREFERS_STRING_CATALOGS = YES;
				MTL_ENABLE_DEBUG_INFO = INCLUDE_SOURCE;
				MTL_FAST_MATH = YES;
				ONLY_ACTIVE_ARCH = YES;
				SDKROOT = iphoneos;
				SWIFT_ACTIVE_COMPILATION_CONDITIONS = "DEBUG $(inherited)";
				SWIFT_OPTIMIZATION_LEVEL = "-Onone";
			};
			name = Debug;
		};
		0CD7E44A2BF20D5700E39A07 /* Release */ = {
			isa = XCBuildConfiguration;
			buildSettings = {
				ALWAYS_SEARCH_USER_PATHS = NO;
				ASSETCATALOG_COMPILER_GENERATE_SWIFT_ASSET_SYMBOL_EXTENSIONS = YES;
				CLANG_ANALYZER_NONNULL = YES;
				CLANG_ANALYZER_NUMBER_OBJECT_CONVERSION = YES_AGGRESSIVE;
				CLANG_CXX_LANGUAGE_STANDARD = "gnu++20";
				CLANG_ENABLE_MODULES = YES;
				CLANG_ENABLE_OBJC_ARC = YES;
				CLANG_ENABLE_OBJC_WEAK = YES;
				CLANG_WARN_BLOCK_CAPTURE_AUTORELEASING = YES;
				CLANG_WARN_BOOL_CONVERSION = YES;
				CLANG_WARN_COMMA = YES;
				CLANG_WARN_CONSTANT_CONVERSION = YES;
				CLANG_WARN_DEPRECATED_OBJC_IMPLEMENTATIONS = YES;
				CLANG_WARN_DIRECT_OBJC_ISA_USAGE = YES_ERROR;
				CLANG_WARN_DOCUMENTATION_COMMENTS = YES;
				CLANG_WARN_EMPTY_BODY = YES;
				CLANG_WARN_ENUM_CONVERSION = YES;
				CLANG_WARN_INFINITE_RECURSION = YES;
				CLANG_WARN_INT_CONVERSION = YES;
				CLANG_WARN_NON_LITERAL_NULL_CONVERSION = YES;
				CLANG_WARN_OBJC_IMPLICIT_RETAIN_SELF = YES;
				CLANG_WARN_OBJC_LITERAL_CONVERSION = YES;
				CLANG_WARN_OBJC_ROOT_CLASS = YES_ERROR;
				CLANG_WARN_QUOTED_INCLUDE_IN_FRAMEWORK_HEADER = YES;
				CLANG_WARN_RANGE_LOOP_ANALYSIS = YES;
				CLANG_WARN_STRICT_PROTOTYPES = YES;
				CLANG_WARN_SUSPICIOUS_MOVE = YES;
				CLANG_WARN_UNGUARDED_AVAILABILITY = YES_AGGRESSIVE;
				CLANG_WARN_UNREACHABLE_CODE = YES;
				CLANG_WARN__DUPLICATE_METHOD_MATCH = YES;
				COPY_PHASE_STRIP = NO;
				DEBUG_INFORMATION_FORMAT = "dwarf-with-dsym";
				ENABLE_NS_ASSERTIONS = NO;
				ENABLE_STRICT_OBJC_MSGSEND = YES;
				ENABLE_USER_SCRIPT_SANDBOXING = YES;
				GCC_C_LANGUAGE_STANDARD = gnu17;
				GCC_NO_COMMON_BLOCKS = YES;
				GCC_WARN_64_TO_32_BIT_CONVERSION = YES;
				GCC_WARN_ABOUT_RETURN_TYPE = YES_ERROR;
				GCC_WARN_UNDECLARED_SELECTOR = YES;
				GCC_WARN_UNINITIALIZED_AUTOS = YES_AGGRESSIVE;
				GCC_WARN_UNUSED_FUNCTION = YES;
				GCC_WARN_UNUSED_VARIABLE = YES;
				IPHONEOS_DEPLOYMENT_TARGET = 17.4;
				LOCALIZATION_PREFERS_STRING_CATALOGS = YES;
				MTL_ENABLE_DEBUG_INFO = NO;
				MTL_FAST_MATH = YES;
				SDKROOT = iphoneos;
				SWIFT_COMPILATION_MODE = wholemodule;
				VALIDATE_PRODUCT = YES;
			};
			name = Release;
		};
		0CD7E44C2BF20D5700E39A07 /* Debug */ = {
			isa = XCBuildConfiguration;
			buildSettings = {
				ASSETCATALOG_COMPILER_APPICON_NAME = AppIcon;
				ASSETCATALOG_COMPILER_GLOBAL_ACCENT_COLOR_NAME = AccentColor;
				CODE_SIGN_STYLE = Automatic;
				CURRENT_PROJECT_VERSION = 1;
				DEVELOPMENT_TEAM = PR546WV65M;
				GENERATE_INFOPLIST_FILE = YES;
				INFOPLIST_FILE = OpenQuizz/Info.plist;
				INFOPLIST_KEY_UIApplicationSupportsIndirectInputEvents = YES;
				INFOPLIST_KEY_UILaunchStoryboardName = LaunchScreen;
				INFOPLIST_KEY_UIMainStoryboardFile = Main;
				INFOPLIST_KEY_UISupportedInterfaceOrientations_iPad = "UIInterfaceOrientationPortrait UIInterfaceOrientationPortraitUpsideDown UIInterfaceOrientationLandscapeLeft UIInterfaceOrientationLandscapeRight";
				INFOPLIST_KEY_UISupportedInterfaceOrientations_iPhone = "UIInterfaceOrientationPortrait UIInterfaceOrientationLandscapeLeft UIInterfaceOrientationLandscapeRight";
				LD_RUNPATH_SEARCH_PATHS = (
					"$(inherited)",
					"@executable_path/Frameworks",
				);
				MARKETING_VERSION = 1.0;
				PRODUCT_BUNDLE_IDENTIFIER = com.openclassrooms.OpenQuizz;
				PRODUCT_NAME = "$(TARGET_NAME)";
				SWIFT_EMIT_LOC_STRINGS = YES;
				SWIFT_VERSION = 5.0;
				TARGETED_DEVICE_FAMILY = "1,2";
			};
			name = Debug;
		};
		0CD7E44D2BF20D5700E39A07 /* Release */ = {
			isa = XCBuildConfiguration;
			buildSettings = {
				ASSETCATALOG_COMPILER_APPICON_NAME = AppIcon;
				ASSETCATALOG_COMPILER_GLOBAL_ACCENT_COLOR_NAME = AccentColor;
				CODE_SIGN_STYLE = Automatic;
				CURRENT_PROJECT_VERSION = 1;
				DEVELOPMENT_TEAM = PR546WV65M;
				GENERATE_INFOPLIST_FILE = YES;
				INFOPLIST_FILE = OpenQuizz/Info.plist;
				INFOPLIST_KEY_UIApplicationSupportsIndirectInputEvents = YES;
				INFOPLIST_KEY_UILaunchStoryboardName = LaunchScreen;
				INFOPLIST_KEY_UIMainStoryboardFile = Main;
				INFOPLIST_KEY_UISupportedInterfaceOrientations_iPad = "UIInterfaceOrientationPortrait UIInterfaceOrientationPortraitUpsideDown UIInterfaceOrientationLandscapeLeft UIInterfaceOrientationLandscapeRight";
				INFOPLIST_KEY_UISupportedInterfaceOrientations_iPhone = "UIInterfaceOrientationPortrait UIInterfaceOrientationLandscapeLeft UIInterfaceOrientationLandscapeRight";
				LD_RUNPATH_SEARCH_PATHS = (
					"$(inherited)",
					"@executable_path/Frameworks",
				);
				MARKETING_VERSION = 1.0;
				PRODUCT_BUNDLE_IDENTIFIER = com.openclassrooms.OpenQuizz;
				PRODUCT_NAME = "$(TARGET_NAME)";
				SWIFT_EMIT_LOC_STRINGS = YES;
				SWIFT_VERSION = 5.0;
				TARGETED_DEVICE_FAMILY = "1,2";
			};
			name = Release;
		};
		0CD7E44F2BF20D5700E39A07 /* Debug */ = {
			isa = XCBuildConfiguration;
			buildSettings = {
				ALWAYS_EMBED_SWIFT_STANDARD_LIBRARIES = YES;
				BUNDLE_LOADER = "$(TEST_HOST)";
				CODE_SIGN_STYLE = Automatic;
				CURRENT_PROJECT_VERSION = 1;
				DEVELOPMENT_TEAM = PR546WV65M;
				GENERATE_INFOPLIST_FILE = YES;
				IPHONEOS_DEPLOYMENT_TARGET = 17.4;
				MARKETING_VERSION = 1.0;
				PRODUCT_BUNDLE_IDENTIFIER = com.openclassrooms.OpenQuizzTests;
				PRODUCT_NAME = "$(TARGET_NAME)";
				SWIFT_EMIT_LOC_STRINGS = NO;
				SWIFT_VERSION = 5.0;
				TARGETED_DEVICE_FAMILY = "1,2";
				TEST_HOST = "$(BUILT_PRODUCTS_DIR)/OpenQuizz.app/$(BUNDLE_EXECUTABLE_FOLDER_PATH)/OpenQuizz";
			};
			name = Debug;
		};
		0CD7E4502BF20D5700E39A07 /* Release */ = {
			isa = XCBuildConfiguration;
			buildSettings = {
				ALWAYS_EMBED_SWIFT_STANDARD_LIBRARIES = YES;
				BUNDLE_LOADER = "$(TEST_HOST)";
				CODE_SIGN_STYLE = Automatic;
				CURRENT_PROJECT_VERSION = 1;
				DEVELOPMENT_TEAM = PR546WV65M;
				GENERATE_INFOPLIST_FILE = YES;
				IPHONEOS_DEPLOYMENT_TARGET = 17.4;
				MARKETING_VERSION = 1.0;
				PRODUCT_BUNDLE_IDENTIFIER = com.openclassrooms.OpenQuizzTests;
				PRODUCT_NAME = "$(TARGET_NAME)";
				SWIFT_EMIT_LOC_STRINGS = NO;
				SWIFT_VERSION = 5.0;
				TARGETED_DEVICE_FAMILY = "1,2";
				TEST_HOST = "$(BUILT_PRODUCTS_DIR)/OpenQuizz.app/$(BUNDLE_EXECUTABLE_FOLDER_PATH)/OpenQuizz";
			};
			name = Release;
		};
		0CD7E4522BF20D5700E39A07 /* Debug */ = {
			isa = XCBuildConfiguration;
			buildSettings = {
				ALWAYS_EMBED_SWIFT_STANDARD_LIBRARIES = YES;
				CODE_SIGN_STYLE = Automatic;
				CURRENT_PROJECT_VERSION = 1;
				DEVELOPMENT_TEAM = PR546WV65M;
				GENERATE_INFOPLIST_FILE = YES;
				MARKETING_VERSION = 1.0;
				PRODUCT_BUNDLE_IDENTIFIER = com.openclassrooms.OpenQuizzUITests;
				PRODUCT_NAME = "$(TARGET_NAME)";
				SWIFT_EMIT_LOC_STRINGS = NO;
				SWIFT_VERSION = 5.0;
				TARGETED_DEVICE_FAMILY = "1,2";
				TEST_TARGET_NAME = OpenQuizz;
			};
			name = Debug;
		};
		0CD7E4532BF20D5700E39A07 /* Release */ = {
			isa = XCBuildConfiguration;
			buildSettings = {
				ALWAYS_EMBED_SWIFT_STANDARD_LIBRARIES = YES;
				CODE_SIGN_STYLE = Automatic;
				CURRENT_PROJECT_VERSION = 1;
				DEVELOPMENT_TEAM = PR546WV65M;
				GENERATE_INFOPLIST_FILE = YES;
				MARKETING_VERSION = 1.0;
				PRODUCT_BUNDLE_IDENTIFIER = com.openclassrooms.OpenQuizzUITests;
				PRODUCT_NAME = "$(TARGET_NAME)";
				SWIFT_EMIT_LOC_STRINGS = NO;
				SWIFT_VERSION = 5.0;
				TARGETED_DEVICE_FAMILY = "1,2";
				TEST_TARGET_NAME = OpenQuizz;
			};
			name = Release;
		};
/* End XCBuildConfiguration section */

/* Begin XCConfigurationList section */
		0CD7E41C2BF20D5600E39A07 /* Build configuration list for PBXProject "OpenQuizz" */ = {
			isa = XCConfigurationList;
			buildConfigurations = (
				0CD7E4492BF20D5700E39A07 /* Debug */,
				0CD7E44A2BF20D5700E39A07 /* Release */,
			);
			defaultConfigurationIsVisible = 0;
			defaultConfigurationName = Release;
		};
		0CD7E44B2BF20D5700E39A07 /* Build configuration list for PBXNativeTarget "OpenQuizz" */ = {
			isa = XCConfigurationList;
			buildConfigurations = (
				0CD7E44C2BF20D5700E39A07 /* Debug */,
				0CD7E44D2BF20D5700E39A07 /* Release */,
			);
			defaultConfigurationIsVisible = 0;
			defaultConfigurationName = Release;
		};
		0CD7E44E2BF20D5700E39A07 /* Build configuration list for PBXNativeTarget "OpenQuizzTests" */ = {
			isa = XCConfigurationList;
			buildConfigurations = (
				0CD7E44F2BF20D5700E39A07 /* Debug */,
				0CD7E4502BF20D5700E39A07 /* Release */,
			);
			defaultConfigurationIsVisible = 0;
			defaultConfigurationName = Release;
		};
		0CD7E4512BF20D5700E39A07 /* Build configuration list for PBXNativeTarget "OpenQuizzUITests" */ = {
			isa = XCConfigurationList;
			buildConfigurations = (
				0CD7E4522BF20D5700E39A07 /* Debug */,
				0CD7E4532BF20D5700E39A07 /* Release */,
			);
			defaultConfigurationIsVisible = 0;
			defaultConfigurationName = Release;
		};
/* End XCConfigurationList section */
	};
	rootObject = 0CD7E4192BF20D5600E39A07 /* Project object */;
}
